
Microsoft Visual Studio Solution File, Format Version 12.00
# Visual Studio Version 16
VisualStudioVersion = 16.0.31005.135
MinimumVisualStudioVersion = 10.0.40219.1
Project("{FAE04EC0-301F-11D3-BF4B-00C04F79EFBC}") = "WindowsFormShootingGameV2", "WindowsFormShootingGameV2.csproj", "{B319335D-2BE6-43B7-8D14-59A23BC257FB}"
EndProject
Global
	GlobalSection(SolutionConfigurationPlatforms) = preSolution
		Debug|Any CPU = Debug|Any CPU
		Release|Any CPU = Release|Any CPU
	EndGlobalSection
	GlobalSection(ProjectConfigurationPlatforms) = postSolution
		{B319335D-2BE6-43B7-8D14-59A23BC257FB}.Debug|Any CPU.ActiveCfg = Debug|Any CPU
		{B319335D-2BE6-43B7-8D14-59A23BC257FB}.Debug|Any CPU.Build.0 = Debug|Any CPU
		{B319335D-2BE6-43B7-8D14-59A23BC257FB}.Release|Any CPU.ActiveCfg = Release|Any CPU
		{B319335D-2BE6-43B7-8D14-59A23BC257FB}.Release|Any CPU.Build.0 = Release|Any CPU
	EndGlobalSection
	GlobalSection(SolutionProperties) = preSolution
		HideSolutionNode = FALSE
	EndGlobalSection
	GlobalSection(ExtensibilityGlobals) = postSolution
		SolutionGuid = {F30E7120-7037-4B03-9EF2-B2AA7540A410}
	EndGlobalSection
EndGlobal
