
Microsoft Visual Studio Solution File, Format Version 12.00
# Visual Studio Version 16
VisualStudioVersion = 16.0.31005.135
MinimumVisualStudioVersion = 10.0.40219.1
Project("{FAE04EC0-301F-11D3-BF4B-00C04F79EFBC}") = "WindowsFormRockPaperScissors", "WindowsFormRockPaperScissors.csproj", "{08976692-080B-4771-BA8E-C82EDF344AFB}"
EndProject
Global
	GlobalSection(SolutionConfigurationPlatforms) = preSolution
		Debug|Any CPU = Debug|Any CPU
		Release|Any CPU = Release|Any CPU
	EndGlobalSection
	GlobalSection(ProjectConfigurationPlatforms) = postSolution
		{08976692-080B-4771-BA8E-C82EDF344AFB}.Debug|Any CPU.ActiveCfg = Debug|Any CPU
		{08976692-080B-4771-BA8E-C82EDF344AFB}.Debug|Any CPU.Build.0 = Debug|Any CPU
		{08976692-080B-4771-BA8E-C82EDF344AFB}.Release|Any CPU.ActiveCfg = Release|Any CPU
		{08976692-080B-4771-BA8E-C82EDF344AFB}.Release|Any CPU.Build.0 = Release|Any CPU
	EndGlobalSection
	GlobalSection(SolutionProperties) = preSolution
		HideSolutionNode = FALSE
	EndGlobalSection
	GlobalSection(ExtensibilityGlobals) = postSolution
		SolutionGuid = {515A7948-8F05-4714-A1C9-C7C6AED39E3A}
	EndGlobalSection
EndGlobal
