
Microsoft Visual Studio Solution File, Format Version 12.00
# Visual Studio Version 16
VisualStudioVersion = 16.0.31005.135
MinimumVisualStudioVersion = 10.0.40219.1
Project("{FAE04EC0-301F-11D3-BF4B-00C04F79EFBC}") = "WindowsFormSimpleCalculaor", "WindowsFormSimpleCalculaor.csproj", "{B451AEC1-EEB0-408C-8095-B67F501029D2}"
EndProject
Global
	GlobalSection(SolutionConfigurationPlatforms) = preSolution
		Debug|Any CPU = Debug|Any CPU
		Release|Any CPU = Release|Any CPU
	EndGlobalSection
	GlobalSection(ProjectConfigurationPlatforms) = postSolution
		{B451AEC1-EEB0-408C-8095-B67F501029D2}.Debug|Any CPU.ActiveCfg = Debug|Any CPU
		{B451AEC1-EEB0-408C-8095-B67F501029D2}.Debug|Any CPU.Build.0 = Debug|Any CPU
		{B451AEC1-EEB0-408C-8095-B67F501029D2}.Release|Any CPU.ActiveCfg = Release|Any CPU
		{B451AEC1-EEB0-408C-8095-B67F501029D2}.Release|Any CPU.Build.0 = Release|Any CPU
	EndGlobalSection
	GlobalSection(SolutionProperties) = preSolution
		HideSolutionNode = FALSE
	EndGlobalSection
	GlobalSection(ExtensibilityGlobals) = postSolution
		SolutionGuid = {7551DF81-71E9-48DA-ABC1-BFF4CC7F9A96}
	EndGlobalSection
EndGlobal
